
Microsoft Visual Studio Solution File, Format Version 12.00
# Visual Studio 15
VisualStudioVersion = 15.0.28307.136
MinimumVisualStudioVersion = 10.0.40219.1
Project("{FAE04EC0-301F-11D3-BF4B-00C04F79EFBC}") = "KitchenInstallation.Api", "KitchenInstallation\KitchenInstallation.Api.csproj", "{3E937F8E-BDA0-41E8-9AD2-93D0057F6331}"
	ProjectSection(ProjectDependencies) = postProject
		{7D681F93-1FF0-4C15-9FD4-3DA42E75243B} = {7D681F93-1FF0-4C15-9FD4-3DA42E75243B}
		{5919E2AF-EB24-4199-AE0A-F66F284CEAD7} = {5919E2AF-EB24-4199-AE0A-F66F284CEAD7}
		{FB709ADE-F392-4D77-A462-97CCA7BAB889} = {FB709ADE-F392-4D77-A462-97CCA7BAB889}
	EndProjectSection
EndProject
Project("{FAE04EC0-301F-11D3-BF4B-00C04F79EFBC}") = "KitchenInstallation.Business", "KitchenInstallation.Business\KitchenInstallation.Business.csproj", "{7D681F93-1FF0-4C15-9FD4-3DA42E75243B}"
EndProject
Project("{FAE04EC0-301F-11D3-BF4B-00C04F79EFBC}") = "KitchenInstallation.Infrastructure", "KitchenInstallation.Infrastructure\KitchenInstallation.Infrastructure.csproj", "{5919E2AF-EB24-4199-AE0A-F66F284CEAD7}"
EndProject
Project("{FAE04EC0-301F-11D3-BF4B-00C04F79EFBC}") = "KitchenInstallation.Contracts", "KitchenInstallation.Contracts\KitchenInstallation.Contracts.csproj", "{FB709ADE-F392-4D77-A462-97CCA7BAB889}"
EndProject
Global
	GlobalSection(SolutionConfigurationPlatforms) = preSolution
		Debug|Any CPU = Debug|Any CPU
		Release|Any CPU = Release|Any CPU
	EndGlobalSection
	GlobalSection(ProjectConfigurationPlatforms) = postSolution
		{3E937F8E-BDA0-41E8-9AD2-93D0057F6331}.Debug|Any CPU.ActiveCfg = Debug|Any CPU
		{3E937F8E-BDA0-41E8-9AD2-93D0057F6331}.Debug|Any CPU.Build.0 = Debug|Any CPU
		{3E937F8E-BDA0-41E8-9AD2-93D0057F6331}.Release|Any CPU.ActiveCfg = Release|Any CPU
		{3E937F8E-BDA0-41E8-9AD2-93D0057F6331}.Release|Any CPU.Build.0 = Release|Any CPU
		{7D681F93-1FF0-4C15-9FD4-3DA42E75243B}.Debug|Any CPU.ActiveCfg = Debug|Any CPU
		{7D681F93-1FF0-4C15-9FD4-3DA42E75243B}.Debug|Any CPU.Build.0 = Debug|Any CPU
		{7D681F93-1FF0-4C15-9FD4-3DA42E75243B}.Release|Any CPU.ActiveCfg = Release|Any CPU
		{7D681F93-1FF0-4C15-9FD4-3DA42E75243B}.Release|Any CPU.Build.0 = Release|Any CPU
		{5919E2AF-EB24-4199-AE0A-F66F284CEAD7}.Debug|Any CPU.ActiveCfg = Debug|Any CPU
		{5919E2AF-EB24-4199-AE0A-F66F284CEAD7}.Debug|Any CPU.Build.0 = Debug|Any CPU
		{5919E2AF-EB24-4199-AE0A-F66F284CEAD7}.Release|Any CPU.ActiveCfg = Release|Any CPU
		{5919E2AF-EB24-4199-AE0A-F66F284CEAD7}.Release|Any CPU.Build.0 = Release|Any CPU
		{FB709ADE-F392-4D77-A462-97CCA7BAB889}.Debug|Any CPU.ActiveCfg = Debug|Any CPU
		{FB709ADE-F392-4D77-A462-97CCA7BAB889}.Debug|Any CPU.Build.0 = Debug|Any CPU
		{FB709ADE-F392-4D77-A462-97CCA7BAB889}.Release|Any CPU.ActiveCfg = Release|Any CPU
		{FB709ADE-F392-4D77-A462-97CCA7BAB889}.Release|Any CPU.Build.0 = Release|Any CPU
	EndGlobalSection
	GlobalSection(SolutionProperties) = preSolution
		HideSolutionNode = FALSE
	EndGlobalSection
	GlobalSection(ExtensibilityGlobals) = postSolution
		SolutionGuid = {9CF25CE6-A8E8-4694-84D1-48978BCD8CDF}
	EndGlobalSection
EndGlobal
