
Microsoft Visual Studio Solution File, Format Version 12.00
# Visual Studio 15
VisualStudioVersion = 15.0.28307.136
MinimumVisualStudioVersion = 10.0.40219.1
Project("{FAE04EC0-301F-11D3-BF4B-00C04F79EFBC}") = "KitchenInstallation", "KitchenInstallation\KitchenInstallation.csproj", "{3E937F8E-BDA0-41E8-9AD2-93D0057F6331}"
EndProject
Project("{FAE04EC0-301F-11D3-BF4B-00C04F79EFBC}") = "KitchenInstallation.Business", "KitchenInstallation.Business\KitchenInstallation.Business.csproj", "{7D681F93-1FF0-4C15-9FD4-3DA42E75243B}"
EndProject
Global
	GlobalSection(SolutionConfigurationPlatforms) = preSolution
		Debug|Any CPU = Debug|Any CPU
		Release|Any CPU = Release|Any CPU
	EndGlobalSection
	GlobalSection(ProjectConfigurationPlatforms) = postSolution
		{3E937F8E-BDA0-41E8-9AD2-93D0057F6331}.Debug|Any CPU.ActiveCfg = Debug|Any CPU
		{3E937F8E-BDA0-41E8-9AD2-93D0057F6331}.Debug|Any CPU.Build.0 = Debug|Any CPU
		{3E937F8E-BDA0-41E8-9AD2-93D0057F6331}.Release|Any CPU.ActiveCfg = Release|Any CPU
		{3E937F8E-BDA0-41E8-9AD2-93D0057F6331}.Release|Any CPU.Build.0 = Release|Any CPU
		{7D681F93-1FF0-4C15-9FD4-3DA42E75243B}.Debug|Any CPU.ActiveCfg = Debug|Any CPU
		{7D681F93-1FF0-4C15-9FD4-3DA42E75243B}.Debug|Any CPU.Build.0 = Debug|Any CPU
		{7D681F93-1FF0-4C15-9FD4-3DA42E75243B}.Release|Any CPU.ActiveCfg = Release|Any CPU
		{7D681F93-1FF0-4C15-9FD4-3DA42E75243B}.Release|Any CPU.Build.0 = Release|Any CPU
	EndGlobalSection
	GlobalSection(SolutionProperties) = preSolution
		HideSolutionNode = FALSE
	EndGlobalSection
	GlobalSection(ExtensibilityGlobals) = postSolution
		SolutionGuid = {9CF25CE6-A8E8-4694-84D1-48978BCD8CDF}
	EndGlobalSection
EndGlobal
